
Microsoft Visual Studio Solution File, Format Version 12.00
# Visual Studio 15
VisualStudioVersion = 15.0.28307.1340
MinimumVisualStudioVersion = 10.0.40219.1
Project("{FAE04EC0-301F-11D3-BF4B-00C04F79EFBC}") = "A2Q3", "A2Q3\A2Q3.csproj", "{7333A993-402E-43CE-8A41-DEBB09E1EE8B}"
EndProject
Global
	GlobalSection(SolutionConfigurationPlatforms) = preSolution
		Debug|Any CPU = Debug|Any CPU
		Release|Any CPU = Release|Any CPU
	EndGlobalSection
	GlobalSection(ProjectConfigurationPlatforms) = postSolution
		{7333A993-402E-43CE-8A41-DEBB09E1EE8B}.Debug|Any CPU.ActiveCfg = Debug|Any CPU
		{7333A993-402E-43CE-8A41-DEBB09E1EE8B}.Debug|Any CPU.Build.0 = Debug|Any CPU
		{7333A993-402E-43CE-8A41-DEBB09E1EE8B}.Release|Any CPU.ActiveCfg = Release|Any CPU
		{7333A993-402E-43CE-8A41-DEBB09E1EE8B}.Release|Any CPU.Build.0 = Release|Any CPU
	EndGlobalSection
	GlobalSection(SolutionProperties) = preSolution
		HideSolutionNode = FALSE
	EndGlobalSection
	GlobalSection(ExtensibilityGlobals) = postSolution
		SolutionGuid = {A5046A1B-DABE-49E2-9276-B967D4DB9BC3}
	EndGlobalSection
EndGlobal
